{
  "nodes": {
    "nixpkgs": {
      "locked": {
        "lastModified": 1728611731,
        "narHash": "sha256-3fRjUW5h4rScoPMwqnJMLwjPhWrPC2k2bXqD0PDDk0Q=",
        "owner": "nixos",
        "repo": "nixpkgs",
        "rev": "bac526a0fe6da6b10cfe2454f62a0defdbf1d898",
        "type": "github"
      },
      "original": {
        "owner": "nixos",
        "ref": "master",
        "repo": "nixpkgs",
        "type": "github"
      }
    },
    "root": {
      "inputs": {
        "nixpkgs": "nixpkgs"
      }
    }
  },
  "root": "root",
  "version": 7
}
