{
  "nodes": {
    "nixpkgs": {
      "locked": {
        "lastModified": 1739412245,
        "narHash": "sha256-Tq0H4dmxNRCO+IbW71ics05TCgdbH4/k7y+knuvXKks=",
        "owner": "NixOS",
        "repo": "nixpkgs",
        "rev": "529f6e094fa1ca92ae250f010a65f846474a8c3c",
        "type": "github"
      },
      "original": {
        "owner": "NixOS",
        "ref": "master",
        "repo": "nixpkgs",
        "type": "github"
      }
    },
    "root": {
      "inputs": {
        "nixpkgs": "nixpkgs"
      }
    }
  },
  "root": "root",
  "version": 7
}
